{
  "name": "test-validation",
  "version": "1.0.1",
  "lockfileVersion": 1,
  "requires": true,
  "dependencies": {
    "@types/node": {
      "version": "13.1.6",
      "resolved": "https://tfs.foundationsoft.com/FSI/_packaging/FSI-NPM/npm/registry/@types/node/-/node-13.1.6.tgz",
      "integrity": "sha1-B2Ao0LBAC+gQW4mgpVVQyGaE/+w="
    },
    "typescript": {
      "version": "3.7.4",
      "resolved": "https://tfs.foundationsoft.com/FSI/_packaging/FSI-NPM/npm/registry/typescript/-/typescript-3.7.4.tgz",
      "integrity": "sha1-F0Ol7F/vah+p8+RwjjPIHHOHbBk="
    }
  }
}
